
Microsoft Visual Studio Solution File, Format Version 12.00
# Visual Studio Version 17
VisualStudioVersion = 17.0.32112.339
MinimumVisualStudioVersion = 10.0.40219.1
Project("{2150E333-8FDC-42A3-9474-1A3956D46DE8}") = "Solution Items", "Solution Items", "{3AAF94E5-9A19-461C-923F-BBC603C630BB}"
	ProjectSection(SolutionItems) = preProject
		.gitignore = .gitignore
		LICENSE = LICENSE
		README.md = README.md
	EndProjectSection
EndProject
Project("{2150E333-8FDC-42A3-9474-1A3956D46DE8}") = "Workflows", "Workflows", "{226FED9B-5CD8-4FD0-8E77-660F542D7508}"
	ProjectSection(SolutionItems) = preProject
		.github\workflows\build.yml = .github\workflows\build.yml
	EndProjectSection
EndProject
Project("{2150E333-8FDC-42A3-9474-1A3956D46DE8}") = "Licenses", "Licenses", "{0BFF6817-43C8-43EE-8EE8-1A03B7ECEA1A}"
	ProjectSection(SolutionItems) = preProject
		Licenses\bcdec.md = Licenses\bcdec.md
		Licenses\uTinyRipper.md = Licenses\uTinyRipper.md
	EndProjectSection
EndProject
Project("{9A19103F-16F7-4668-BE54-9A1E7A4F7556}") = "AssetRipper.TextureDecoder.Tests", "AssetRipper.TextureDecoder.Tests\AssetRipper.TextureDecoder.Tests.csproj", "{30E8E8F4-2CE4-4435-A49F-C5AF91D58FFE}"
EndProject
Project("{9A19103F-16F7-4668-BE54-9A1E7A4F7556}") = "AssetRipper.TextureDecoder", "AssetRipper.TextureDecoder\AssetRipper.TextureDecoder.csproj", "{E5A6E093-436C-4455-A597-3E357D99C4D9}"
EndProject
Project("{9A19103F-16F7-4668-BE54-9A1E7A4F7556}") = "AssetRipper.TextureDecoder.TestGenerator", "AssetRipper.TextureDecoder.TestGenerator\AssetRipper.TextureDecoder.TestGenerator.csproj", "{0074908C-35A8-4C71-8F74-A83A4095ACEA}"
EndProject
Project("{9A19103F-16F7-4668-BE54-9A1E7A4F7556}") = "AssetRipper.TextureDecoder.ConsoleApp", "AssetRipper.TextureDecoder.ConsoleApp\AssetRipper.TextureDecoder.ConsoleApp.csproj", "{FFC8EEF8-8BF1-4B65-ADDA-A949EDDF4CB4}"
EndProject
Project("{9A19103F-16F7-4668-BE54-9A1E7A4F7556}") = "AssetRipper.TextureDecoder.Benchmarks", "AssetRipper.TextureDecoder.Benchmarks\AssetRipper.TextureDecoder.Benchmarks.csproj", "{F85804F4-4864-412E-BDC6-8B6E2B5646A7}"
EndProject
Project("{9A19103F-16F7-4668-BE54-9A1E7A4F7556}") = "AssetRipper.TextureDecoder.ColorGenerator", "AssetRipper.TextureDecoder.ColorGenerator\AssetRipper.TextureDecoder.ColorGenerator.csproj", "{E9ED1120-1CEA-433E-9BFF-C4B20A34CC7B}"
EndProject
Project("{9A19103F-16F7-4668-BE54-9A1E7A4F7556}") = "IntegerConversion.ConstantEstimation", "IntegerConversion.ConstantEstimation\IntegerConversion.ConstantEstimation.csproj", "{9897C52D-2F38-405A-AB85-B06383FDF6E0}"
EndProject
Global
	GlobalSection(SolutionConfigurationPlatforms) = preSolution
		Debug|Any CPU = Debug|Any CPU
		Release|Any CPU = Release|Any CPU
	EndGlobalSection
	GlobalSection(ProjectConfigurationPlatforms) = postSolution
		{30E8E8F4-2CE4-4435-A49F-C5AF91D58FFE}.Debug|Any CPU.ActiveCfg = Debug|Any CPU
		{30E8E8F4-2CE4-4435-A49F-C5AF91D58FFE}.Debug|Any CPU.Build.0 = Debug|Any CPU
		{30E8E8F4-2CE4-4435-A49F-C5AF91D58FFE}.Release|Any CPU.ActiveCfg = Release|Any CPU
		{30E8E8F4-2CE4-4435-A49F-C5AF91D58FFE}.Release|Any CPU.Build.0 = Release|Any CPU
		{E5A6E093-436C-4455-A597-3E357D99C4D9}.Debug|Any CPU.ActiveCfg = Debug|Any CPU
		{E5A6E093-436C-4455-A597-3E357D99C4D9}.Debug|Any CPU.Build.0 = Debug|Any CPU
		{E5A6E093-436C-4455-A597-3E357D99C4D9}.Release|Any CPU.ActiveCfg = Release|Any CPU
		{E5A6E093-436C-4455-A597-3E357D99C4D9}.Release|Any CPU.Build.0 = Release|Any CPU
		{0074908C-35A8-4C71-8F74-A83A4095ACEA}.Debug|Any CPU.ActiveCfg = Debug|Any CPU
		{0074908C-35A8-4C71-8F74-A83A4095ACEA}.Debug|Any CPU.Build.0 = Debug|Any CPU
		{0074908C-35A8-4C71-8F74-A83A4095ACEA}.Release|Any CPU.ActiveCfg = Release|Any CPU
		{0074908C-35A8-4C71-8F74-A83A4095ACEA}.Release|Any CPU.Build.0 = Release|Any CPU
		{FFC8EEF8-8BF1-4B65-ADDA-A949EDDF4CB4}.Debug|Any CPU.ActiveCfg = Debug|Any CPU
		{FFC8EEF8-8BF1-4B65-ADDA-A949EDDF4CB4}.Debug|Any CPU.Build.0 = Debug|Any CPU
		{FFC8EEF8-8BF1-4B65-ADDA-A949EDDF4CB4}.Release|Any CPU.ActiveCfg = Release|Any CPU
		{FFC8EEF8-8BF1-4B65-ADDA-A949EDDF4CB4}.Release|Any CPU.Build.0 = Release|Any CPU
		{F85804F4-4864-412E-BDC6-8B6E2B5646A7}.Debug|Any CPU.ActiveCfg = Debug|Any CPU
		{F85804F4-4864-412E-BDC6-8B6E2B5646A7}.Debug|Any CPU.Build.0 = Debug|Any CPU
		{F85804F4-4864-412E-BDC6-8B6E2B5646A7}.Release|Any CPU.ActiveCfg = Release|Any CPU
		{F85804F4-4864-412E-BDC6-8B6E2B5646A7}.Release|Any CPU.Build.0 = Release|Any CPU
		{E9ED1120-1CEA-433E-9BFF-C4B20A34CC7B}.Debug|Any CPU.ActiveCfg = Debug|Any CPU
		{E9ED1120-1CEA-433E-9BFF-C4B20A34CC7B}.Debug|Any CPU.Build.0 = Debug|Any CPU
		{E9ED1120-1CEA-433E-9BFF-C4B20A34CC7B}.Release|Any CPU.ActiveCfg = Release|Any CPU
		{E9ED1120-1CEA-433E-9BFF-C4B20A34CC7B}.Release|Any CPU.Build.0 = Release|Any CPU
		{9897C52D-2F38-405A-AB85-B06383FDF6E0}.Debug|Any CPU.ActiveCfg = Debug|Any CPU
		{9897C52D-2F38-405A-AB85-B06383FDF6E0}.Debug|Any CPU.Build.0 = Debug|Any CPU
		{9897C52D-2F38-405A-AB85-B06383FDF6E0}.Release|Any CPU.ActiveCfg = Release|Any CPU
		{9897C52D-2F38-405A-AB85-B06383FDF6E0}.Release|Any CPU.Build.0 = Release|Any CPU
	EndGlobalSection
	GlobalSection(SolutionProperties) = preSolution
		HideSolutionNode = FALSE
	EndGlobalSection
	GlobalSection(NestedProjects) = preSolution
		{226FED9B-5CD8-4FD0-8E77-660F542D7508} = {3AAF94E5-9A19-461C-923F-BBC603C630BB}
		{0BFF6817-43C8-43EE-8EE8-1A03B7ECEA1A} = {3AAF94E5-9A19-461C-923F-BBC603C630BB}
	EndGlobalSection
	GlobalSection(ExtensibilityGlobals) = postSolution
		SolutionGuid = {D4E786DF-F6DD-407C-B23E-854CF00B7801}
	EndGlobalSection
EndGlobal
